# Hash-locked runtime dependency closure for Python 3.11.
# Sources: package metadata/artifact SHA-256 values published by PyPI.
# Optional Telethon extra `cryptg` is intentionally excluded: the application
# does not require the optional accelerator for correctness.

Telethon==1.44.0 \
    --hash=sha256:52fc49efb67a4916c2aedcb295ad286f4afa2aba9bf15d83ed2acdc64af0c718
pyaes==1.6.1 \
    --hash=sha256:02c1b1405c38d3c370b085fb952dd8bea3fadcee6411ad99f312cc129c536d8f
rsa==4.9.1 \
    --hash=sha256:68635866661c6836b8d39430f97a996acbd61bfa49406748ea243539fe239762
pyasn1==0.6.4 \
    --hash=sha256:deda9277cfd454080ec40b207fb6df82206a3a2688735233cdcd8d3d565f088b
